
Microsoft Visual Studio Solution File, Format Version 12.00
# Visual Studio 15
VisualStudioVersion = 15.0.27004.2009
MinimumVisualStudioVersion = 10.0.40219.1
Project("{FAE04EC0-301F-11D3-BF4B-00C04F79EFBC}") = "GitterIM.Android", "GitterIM\GitterIM.Android\GitterIM.Android.csproj", "{5A30889C-69FC-41BB-AD78-1B161E46DBCA}"
EndProject
Project("{FAE04EC0-301F-11D3-BF4B-00C04F79EFBC}") = "GitterIM", "GitterIM\GitterIM\GitterIM.csproj", "{244C797F-6358-4D68-9890-C3DF672702F5}"
EndProject
Project("{FAE04EC0-301F-11D3-BF4B-00C04F79EFBC}") = "GitterIM.UWP", "GitterIM\GitterIM.UWP\GitterIM.UWP.csproj", "{94B4FA43-39D0-4E4D-912E-B5D83D91FBA7}"
EndProject
Project("{FAE04EC0-301F-11D3-BF4B-00C04F79EFBC}") = "GitterIM.iOS", "GitterIM\GitterIM.iOS\GitterIM.iOS.csproj", "{5229E987-6A14-48F2-A09E-EB56F2FAF6A2}"
EndProject
Global
	GlobalSection(SolutionConfigurationPlatforms) = preSolution
		Ad-Hoc|Any CPU = Ad-Hoc|Any CPU
		Ad-Hoc|ARM = Ad-Hoc|ARM
		Ad-Hoc|iPhone = Ad-Hoc|iPhone
		Ad-Hoc|iPhoneSimulator = Ad-Hoc|iPhoneSimulator
		Ad-Hoc|x64 = Ad-Hoc|x64
		Ad-Hoc|x86 = Ad-Hoc|x86
		AppStore|Any CPU = AppStore|Any CPU
		AppStore|ARM = AppStore|ARM
		AppStore|iPhone = AppStore|iPhone
		AppStore|iPhoneSimulator = AppStore|iPhoneSimulator
		AppStore|x64 = AppStore|x64
		AppStore|x86 = AppStore|x86
		Debug|Any CPU = Debug|Any CPU
		Debug|ARM = Debug|ARM
		Debug|iPhone = Debug|iPhone
		Debug|iPhoneSimulator = Debug|iPhoneSimulator
		Debug|x64 = Debug|x64
		Debug|x86 = Debug|x86
		Release|Any CPU = Release|Any CPU
		Release|ARM = Release|ARM
		Release|iPhone = Release|iPhone
		Release|iPhoneSimulator = Release|iPhoneSimulator
		Release|x64 = Release|x64
		Release|x86 = Release|x86
	EndGlobalSection
	GlobalSection(ProjectConfigurationPlatforms) = postSolution
		{5A30889C-69FC-41BB-AD78-1B161E46DBCA}.Ad-Hoc|Any CPU.ActiveCfg = Release|Any CPU
		{5A30889C-69FC-41BB-AD78-1B161E46DBCA}.Ad-Hoc|Any CPU.Build.0 = Release|Any CPU
		{5A30889C-69FC-41BB-AD78-1B161E46DBCA}.Ad-Hoc|Any CPU.Deploy.0 = Release|Any CPU
		{5A30889C-69FC-41BB-AD78-1B161E46DBCA}.Ad-Hoc|ARM.ActiveCfg = Release|Any CPU
		{5A30889C-69FC-41BB-AD78-1B161E46DBCA}.Ad-Hoc|ARM.Build.0 = Release|Any CPU
		{5A30889C-69FC-41BB-AD78-1B161E46DBCA}.Ad-Hoc|ARM.Deploy.0 = Release|Any CPU
		{5A30889C-69FC-41BB-AD78-1B161E46DBCA}.Ad-Hoc|iPhone.ActiveCfg = Release|Any CPU
		{5A30889C-69FC-41BB-AD78-1B161E46DBCA}.Ad-Hoc|iPhone.Build.0 = Release|Any CPU
		{5A30889C-69FC-41BB-AD78-1B161E46DBCA}.Ad-Hoc|iPhone.Deploy.0 = Release|Any CPU
		{5A30889C-69FC-41BB-AD78-1B161E46DBCA}.Ad-Hoc|iPhoneSimulator.ActiveCfg = Release|Any CPU
		{5A30889C-69FC-41BB-AD78-1B161E46DBCA}.Ad-Hoc|iPhoneSimulator.Build.0 = Release|Any CPU
		{5A30889C-69FC-41BB-AD78-1B161E46DBCA}.Ad-Hoc|iPhoneSimulator.Deploy.0 = Release|Any CPU
		{5A30889C-69FC-41BB-AD78-1B161E46DBCA}.Ad-Hoc|x64.ActiveCfg = Release|Any CPU
		{5A30889C-69FC-41BB-AD78-1B161E46DBCA}.Ad-Hoc|x64.Build.0 = Release|Any CPU
		{5A30889C-69FC-41BB-AD78-1B161E46DBCA}.Ad-Hoc|x64.Deploy.0 = Release|Any CPU
		{5A30889C-69FC-41BB-AD78-1B161E46DBCA}.Ad-Hoc|x86.ActiveCfg = Release|Any CPU
		{5A30889C-69FC-41BB-AD78-1B161E46DBCA}.Ad-Hoc|x86.Build.0 = Release|Any CPU
		{5A30889C-69FC-41BB-AD78-1B161E46DBCA}.Ad-Hoc|x86.Deploy.0 = Release|Any CPU
		{5A30889C-69FC-41BB-AD78-1B161E46DBCA}.AppStore|Any CPU.ActiveCfg = Release|Any CPU
		{5A30889C-69FC-41BB-AD78-1B161E46DBCA}.AppStore|Any CPU.Build.0 = Release|Any CPU
		{5A30889C-69FC-41BB-AD78-1B161E46DBCA}.AppStore|Any CPU.Deploy.0 = Release|Any CPU
		{5A30889C-69FC-41BB-AD78-1B161E46DBCA}.AppStore|ARM.ActiveCfg = Release|Any CPU
		{5A30889C-69FC-41BB-AD78-1B161E46DBCA}.AppStore|ARM.Build.0 = Release|Any CPU
		{5A30889C-69FC-41BB-AD78-1B161E46DBCA}.AppStore|ARM.Deploy.0 = Release|Any CPU
		{5A30889C-69FC-41BB-AD78-1B161E46DBCA}.AppStore|iPhone.ActiveCfg = Release|Any CPU
		{5A30889C-69FC-41BB-AD78-1B161E46DBCA}.AppStore|iPhone.Build.0 = Release|Any CPU
		{5A30889C-69FC-41BB-AD78-1B161E46DBCA}.AppStore|iPhone.Deploy.0 = Release|Any CPU
		{5A30889C-69FC-41BB-AD78-1B161E46DBCA}.AppStore|iPhoneSimulator.ActiveCfg = Release|Any CPU
		{5A30889C-69FC-41BB-AD78-1B161E46DBCA}.AppStore|iPhoneSimulator.Build.0 = Release|Any CPU
		{5A30889C-69FC-41BB-AD78-1B161E46DBCA}.AppStore|iPhoneSimulator.Deploy.0 = Release|Any CPU
		{5A30889C-69FC-41BB-AD78-1B161E46DBCA}.AppStore|x64.ActiveCfg = Release|Any CPU
		{5A30889C-69FC-41BB-AD78-1B161E46DBCA}.AppStore|x64.Build.0 = Release|Any CPU
		{5A30889C-69FC-41BB-AD78-1B161E46DBCA}.AppStore|x64.Deploy.0 = Release|Any CPU
		{5A30889C-69FC-41BB-AD78-1B161E46DBCA}.AppStore|x86.ActiveCfg = Release|Any CPU
		{5A30889C-69FC-41BB-AD78-1B161E46DBCA}.AppStore|x86.Build.0 = Release|Any CPU
		{5A30889C-69FC-41BB-AD78-1B161E46DBCA}.AppStore|x86.Deploy.0 = Release|Any CPU
		{5A30889C-69FC-41BB-AD78-1B161E46DBCA}.Debug|Any CPU.ActiveCfg = Debug|Any CPU
		{5A30889C-69FC-41BB-AD78-1B161E46DBCA}.Debug|Any CPU.Build.0 = Debug|Any CPU
		{5A30889C-69FC-41BB-AD78-1B161E46DBCA}.Debug|Any CPU.Deploy.0 = Debug|Any CPU
		{5A30889C-69FC-41BB-AD78-1B161E46DBCA}.Debug|ARM.ActiveCfg = Debug|Any CPU
		{5A30889C-69FC-41BB-AD78-1B161E46DBCA}.Debug|ARM.Build.0 = Debug|Any CPU
		{5A30889C-69FC-41BB-AD78-1B161E46DBCA}.Debug|ARM.Deploy.0 = Debug|Any CPU
		{5A30889C-69FC-41BB-AD78-1B161E46DBCA}.Debug|iPhone.ActiveCfg = Debug|Any CPU
		{5A30889C-69FC-41BB-AD78-1B161E46DBCA}.Debug|iPhone.Build.0 = Debug|Any CPU
		{5A30889C-69FC-41BB-AD78-1B161E46DBCA}.Debug|iPhone.Deploy.0 = Debug|Any CPU
		{5A30889C-69FC-41BB-AD78-1B161E46DBCA}.Debug|iPhoneSimulator.ActiveCfg = Debug|Any CPU
		{5A30889C-69FC-41BB-AD78-1B161E46DBCA}.Debug|iPhoneSimulator.Build.0 = Debug|Any CPU
		{5A30889C-69FC-41BB-AD78-1B161E46DBCA}.Debug|iPhoneSimulator.Deploy.0 = Debug|Any CPU
		{5A30889C-69FC-41BB-AD78-1B161E46DBCA}.Debug|x64.ActiveCfg = Debug|Any CPU
		{5A30889C-69FC-41BB-AD78-1B161E46DBCA}.Debug|x64.Build.0 = Debug|Any CPU
		{5A30889C-69FC-41BB-AD78-1B161E46DBCA}.Debug|x64.Deploy.0 = Debug|Any CPU
		{5A30889C-69FC-41BB-AD78-1B161E46DBCA}.Debug|x86.ActiveCfg = Debug|Any CPU
		{5A30889C-69FC-41BB-AD78-1B161E46DBCA}.Debug|x86.Build.0 = Debug|Any CPU
		{5A30889C-69FC-41BB-AD78-1B161E46DBCA}.Debug|x86.Deploy.0 = Debug|Any CPU
		{5A30889C-69FC-41BB-AD78-1B161E46DBCA}.Release|Any CPU.ActiveCfg = Release|Any CPU
		{5A30889C-69FC-41BB-AD78-1B161E46DBCA}.Release|Any CPU.Build.0 = Release|Any CPU
		{5A30889C-69FC-41BB-AD78-1B161E46DBCA}.Release|Any CPU.Deploy.0 = Release|Any CPU
		{5A30889C-69FC-41BB-AD78-1B161E46DBCA}.Release|ARM.ActiveCfg = Release|Any CPU
		{5A30889C-69FC-41BB-AD78-1B161E46DBCA}.Release|ARM.Build.0 = Release|Any CPU
		{5A30889C-69FC-41BB-AD78-1B161E46DBCA}.Release|ARM.Deploy.0 = Release|Any CPU
		{5A30889C-69FC-41BB-AD78-1B161E46DBCA}.Release|iPhone.ActiveCfg = Release|Any CPU
		{5A30889C-69FC-41BB-AD78-1B161E46DBCA}.Release|iPhone.Build.0 = Release|Any CPU
		{5A30889C-69FC-41BB-AD78-1B161E46DBCA}.Release|iPhone.Deploy.0 = Release|Any CPU
		{5A30889C-69FC-41BB-AD78-1B161E46DBCA}.Release|iPhoneSimulator.ActiveCfg = Release|Any CPU
		{5A30889C-69FC-41BB-AD78-1B161E46DBCA}.Release|iPhoneSimulator.Build.0 = Release|Any CPU
		{5A30889C-69FC-41BB-AD78-1B161E46DBCA}.Release|iPhoneSimulator.Deploy.0 = Release|Any CPU
		{5A30889C-69FC-41BB-AD78-1B161E46DBCA}.Release|x64.ActiveCfg = Release|Any CPU
		{5A30889C-69FC-41BB-AD78-1B161E46DBCA}.Release|x64.Build.0 = Release|Any CPU
		{5A30889C-69FC-41BB-AD78-1B161E46DBCA}.Release|x64.Deploy.0 = Release|Any CPU
		{5A30889C-69FC-41BB-AD78-1B161E46DBCA}.Release|x86.ActiveCfg = Release|Any CPU
		{5A30889C-69FC-41BB-AD78-1B161E46DBCA}.Release|x86.Build.0 = Release|Any CPU
		{5A30889C-69FC-41BB-AD78-1B161E46DBCA}.Release|x86.Deploy.0 = Release|Any CPU
		{244C797F-6358-4D68-9890-C3DF672702F5}.Ad-Hoc|Any CPU.ActiveCfg = Release|Any CPU
		{244C797F-6358-4D68-9890-C3DF672702F5}.Ad-Hoc|Any CPU.Build.0 = Release|Any CPU
		{244C797F-6358-4D68-9890-C3DF672702F5}.Ad-Hoc|ARM.ActiveCfg = Release|Any CPU
		{244C797F-6358-4D68-9890-C3DF672702F5}.Ad-Hoc|ARM.Build.0 = Release|Any CPU
		{244C797F-6358-4D68-9890-C3DF672702F5}.Ad-Hoc|iPhone.ActiveCfg = Release|Any CPU
		{244C797F-6358-4D68-9890-C3DF672702F5}.Ad-Hoc|iPhone.Build.0 = Release|Any CPU
		{244C797F-6358-4D68-9890-C3DF672702F5}.Ad-Hoc|iPhoneSimulator.ActiveCfg = Release|Any CPU
		{244C797F-6358-4D68-9890-C3DF672702F5}.Ad-Hoc|iPhoneSimulator.Build.0 = Release|Any CPU
		{244C797F-6358-4D68-9890-C3DF672702F5}.Ad-Hoc|x64.ActiveCfg = Release|Any CPU
		{244C797F-6358-4D68-9890-C3DF672702F5}.Ad-Hoc|x64.Build.0 = Release|Any CPU
		{244C797F-6358-4D68-9890-C3DF672702F5}.Ad-Hoc|x86.ActiveCfg = Release|Any CPU
		{244C797F-6358-4D68-9890-C3DF672702F5}.Ad-Hoc|x86.Build.0 = Release|Any CPU
		{244C797F-6358-4D68-9890-C3DF672702F5}.AppStore|Any CPU.ActiveCfg = Release|Any CPU
		{244C797F-6358-4D68-9890-C3DF672702F5}.AppStore|Any CPU.Build.0 = Release|Any CPU
		{244C797F-6358-4D68-9890-C3DF672702F5}.AppStore|ARM.ActiveCfg = Release|Any CPU
		{244C797F-6358-4D68-9890-C3DF672702F5}.AppStore|ARM.Build.0 = Release|Any CPU
		{244C797F-6358-4D68-9890-C3DF672702F5}.AppStore|iPhone.ActiveCfg = Release|Any CPU
		{244C797F-6358-4D68-9890-C3DF672702F5}.AppStore|iPhone.Build.0 = Release|Any CPU
		{244C797F-6358-4D68-9890-C3DF672702F5}.AppStore|iPhoneSimulator.ActiveCfg = Release|Any CPU
		{244C797F-6358-4D68-9890-C3DF672702F5}.AppStore|iPhoneSimulator.Build.0 = Release|Any CPU
		{244C797F-6358-4D68-9890-C3DF672702F5}.AppStore|x64.ActiveCfg = Release|Any CPU
		{244C797F-6358-4D68-9890-C3DF672702F5}.AppStore|x64.Build.0 = Release|Any CPU
		{244C797F-6358-4D68-9890-C3DF672702F5}.AppStore|x86.ActiveCfg = Release|Any CPU
		{244C797F-6358-4D68-9890-C3DF672702F5}.AppStore|x86.Build.0 = Release|Any CPU
		{244C797F-6358-4D68-9890-C3DF672702F5}.Debug|Any CPU.ActiveCfg = Debug|Any CPU
		{244C797F-6358-4D68-9890-C3DF672702F5}.Debug|Any CPU.Build.0 = Debug|Any CPU
		{244C797F-6358-4D68-9890-C3DF672702F5}.Debug|ARM.ActiveCfg = Debug|Any CPU
		{244C797F-6358-4D68-9890-C3DF672702F5}.Debug|ARM.Build.0 = Debug|Any CPU
		{244C797F-6358-4D68-9890-C3DF672702F5}.Debug|iPhone.ActiveCfg = Debug|Any CPU
		{244C797F-6358-4D68-9890-C3DF672702F5}.Debug|iPhone.Build.0 = Debug|Any CPU
		{244C797F-6358-4D68-9890-C3DF672702F5}.Debug|iPhoneSimulator.ActiveCfg = Debug|Any CPU
		{244C797F-6358-4D68-9890-C3DF672702F5}.Debug|iPhoneSimulator.Build.0 = Debug|Any CPU
		{244C797F-6358-4D68-9890-C3DF672702F5}.Debug|x64.ActiveCfg = Debug|Any CPU
		{244C797F-6358-4D68-9890-C3DF672702F5}.Debug|x64.Build.0 = Debug|Any CPU
		{244C797F-6358-4D68-9890-C3DF672702F5}.Debug|x86.ActiveCfg = Debug|Any CPU
		{244C797F-6358-4D68-9890-C3DF672702F5}.Debug|x86.Build.0 = Debug|Any CPU
		{244C797F-6358-4D68-9890-C3DF672702F5}.Release|Any CPU.ActiveCfg = Release|Any CPU
		{244C797F-6358-4D68-9890-C3DF672702F5}.Release|Any CPU.Build.0 = Release|Any CPU
		{244C797F-6358-4D68-9890-C3DF672702F5}.Release|ARM.ActiveCfg = Release|Any CPU
		{244C797F-6358-4D68-9890-C3DF672702F5}.Release|ARM.Build.0 = Release|Any CPU
		{244C797F-6358-4D68-9890-C3DF672702F5}.Release|iPhone.ActiveCfg = Release|Any CPU
		{244C797F-6358-4D68-9890-C3DF672702F5}.Release|iPhone.Build.0 = Release|Any CPU
		{244C797F-6358-4D68-9890-C3DF672702F5}.Release|iPhoneSimulator.ActiveCfg = Release|Any CPU
		{244C797F-6358-4D68-9890-C3DF672702F5}.Release|iPhoneSimulator.Build.0 = Release|Any CPU
		{244C797F-6358-4D68-9890-C3DF672702F5}.Release|x64.ActiveCfg = Release|Any CPU
		{244C797F-6358-4D68-9890-C3DF672702F5}.Release|x64.Build.0 = Release|Any CPU
		{244C797F-6358-4D68-9890-C3DF672702F5}.Release|x86.ActiveCfg = Release|Any CPU
		{244C797F-6358-4D68-9890-C3DF672702F5}.Release|x86.Build.0 = Release|Any CPU
		{94B4FA43-39D0-4E4D-912E-B5D83D91FBA7}.Ad-Hoc|Any CPU.ActiveCfg = Release|x86
		{94B4FA43-39D0-4E4D-912E-B5D83D91FBA7}.Ad-Hoc|Any CPU.Build.0 = Release|x86
		{94B4FA43-39D0-4E4D-912E-B5D83D91FBA7}.Ad-Hoc|Any CPU.Deploy.0 = Release|x86
		{94B4FA43-39D0-4E4D-912E-B5D83D91FBA7}.Ad-Hoc|ARM.ActiveCfg = Release|ARM
		{94B4FA43-39D0-4E4D-912E-B5D83D91FBA7}.Ad-Hoc|ARM.Build.0 = Release|ARM
		{94B4FA43-39D0-4E4D-912E-B5D83D91FBA7}.Ad-Hoc|ARM.Deploy.0 = Release|ARM
		{94B4FA43-39D0-4E4D-912E-B5D83D91FBA7}.Ad-Hoc|iPhone.ActiveCfg = Release|x86
		{94B4FA43-39D0-4E4D-912E-B5D83D91FBA7}.Ad-Hoc|iPhone.Build.0 = Release|x86
		{94B4FA43-39D0-4E4D-912E-B5D83D91FBA7}.Ad-Hoc|iPhone.Deploy.0 = Release|x86
		{94B4FA43-39D0-4E4D-912E-B5D83D91FBA7}.Ad-Hoc|iPhoneSimulator.ActiveCfg = Release|x86
		{94B4FA43-39D0-4E4D-912E-B5D83D91FBA7}.Ad-Hoc|iPhoneSimulator.Build.0 = Release|x86
		{94B4FA43-39D0-4E4D-912E-B5D83D91FBA7}.Ad-Hoc|iPhoneSimulator.Deploy.0 = Release|x86
		{94B4FA43-39D0-4E4D-912E-B5D83D91FBA7}.Ad-Hoc|x64.ActiveCfg = Release|x64
		{94B4FA43-39D0-4E4D-912E-B5D83D91FBA7}.Ad-Hoc|x64.Build.0 = Release|x64
		{94B4FA43-39D0-4E4D-912E-B5D83D91FBA7}.Ad-Hoc|x64.Deploy.0 = Release|x64
		{94B4FA43-39D0-4E4D-912E-B5D83D91FBA7}.Ad-Hoc|x86.ActiveCfg = Release|x86
		{94B4FA43-39D0-4E4D-912E-B5D83D91FBA7}.Ad-Hoc|x86.Build.0 = Release|x86
		{94B4FA43-39D0-4E4D-912E-B5D83D91FBA7}.Ad-Hoc|x86.Deploy.0 = Release|x86
		{94B4FA43-39D0-4E4D-912E-B5D83D91FBA7}.AppStore|Any CPU.ActiveCfg = Release|x86
		{94B4FA43-39D0-4E4D-912E-B5D83D91FBA7}.AppStore|Any CPU.Build.0 = Release|x86
		{94B4FA43-39D0-4E4D-912E-B5D83D91FBA7}.AppStore|Any CPU.Deploy.0 = Release|x86
		{94B4FA43-39D0-4E4D-912E-B5D83D91FBA7}.AppStore|ARM.ActiveCfg = Release|ARM
		{94B4FA43-39D0-4E4D-912E-B5D83D91FBA7}.AppStore|ARM.Build.0 = Release|ARM
		{94B4FA43-39D0-4E4D-912E-B5D83D91FBA7}.AppStore|ARM.Deploy.0 = Release|ARM
		{94B4FA43-39D0-4E4D-912E-B5D83D91FBA7}.AppStore|iPhone.ActiveCfg = Release|x86
		{94B4FA43-39D0-4E4D-912E-B5D83D91FBA7}.AppStore|iPhone.Build.0 = Release|x86
		{94B4FA43-39D0-4E4D-912E-B5D83D91FBA7}.AppStore|iPhone.Deploy.0 = Release|x86
		{94B4FA43-39D0-4E4D-912E-B5D83D91FBA7}.AppStore|iPhoneSimulator.ActiveCfg = Release|x86
		{94B4FA43-39D0-4E4D-912E-B5D83D91FBA7}.AppStore|iPhoneSimulator.Build.0 = Release|x86
		{94B4FA43-39D0-4E4D-912E-B5D83D91FBA7}.AppStore|iPhoneSimulator.Deploy.0 = Release|x86
		{94B4FA43-39D0-4E4D-912E-B5D83D91FBA7}.AppStore|x64.ActiveCfg = Release|x64
		{94B4FA43-39D0-4E4D-912E-B5D83D91FBA7}.AppStore|x64.Build.0 = Release|x64
		{94B4FA43-39D0-4E4D-912E-B5D83D91FBA7}.AppStore|x64.Deploy.0 = Release|x64
		{94B4FA43-39D0-4E4D-912E-B5D83D91FBA7}.AppStore|x86.ActiveCfg = Release|x86
		{94B4FA43-39D0-4E4D-912E-B5D83D91FBA7}.AppStore|x86.Build.0 = Release|x86
		{94B4FA43-39D0-4E4D-912E-B5D83D91FBA7}.AppStore|x86.Deploy.0 = Release|x86
		{94B4FA43-39D0-4E4D-912E-B5D83D91FBA7}.Debug|Any CPU.ActiveCfg = Debug|x86
		{94B4FA43-39D0-4E4D-912E-B5D83D91FBA7}.Debug|ARM.ActiveCfg = Debug|ARM
		{94B4FA43-39D0-4E4D-912E-B5D83D91FBA7}.Debug|ARM.Build.0 = Debug|ARM
		{94B4FA43-39D0-4E4D-912E-B5D83D91FBA7}.Debug|ARM.Deploy.0 = Debug|ARM
		{94B4FA43-39D0-4E4D-912E-B5D83D91FBA7}.Debug|iPhone.ActiveCfg = Debug|x86
		{94B4FA43-39D0-4E4D-912E-B5D83D91FBA7}.Debug|iPhoneSimulator.ActiveCfg = Debug|x86
		{94B4FA43-39D0-4E4D-912E-B5D83D91FBA7}.Debug|x64.ActiveCfg = Debug|x64
		{94B4FA43-39D0-4E4D-912E-B5D83D91FBA7}.Debug|x64.Build.0 = Debug|x64
		{94B4FA43-39D0-4E4D-912E-B5D83D91FBA7}.Debug|x64.Deploy.0 = Debug|x64
		{94B4FA43-39D0-4E4D-912E-B5D83D91FBA7}.Debug|x86.ActiveCfg = Debug|x86
		{94B4FA43-39D0-4E4D-912E-B5D83D91FBA7}.Debug|x86.Build.0 = Debug|x86
		{94B4FA43-39D0-4E4D-912E-B5D83D91FBA7}.Debug|x86.Deploy.0 = Debug|x86
		{94B4FA43-39D0-4E4D-912E-B5D83D91FBA7}.Release|Any CPU.ActiveCfg = Release|ARM
		{94B4FA43-39D0-4E4D-912E-B5D83D91FBA7}.Release|Any CPU.Build.0 = Release|ARM
		{94B4FA43-39D0-4E4D-912E-B5D83D91FBA7}.Release|Any CPU.Deploy.0 = Release|ARM
		{94B4FA43-39D0-4E4D-912E-B5D83D91FBA7}.Release|ARM.ActiveCfg = Release|ARM
		{94B4FA43-39D0-4E4D-912E-B5D83D91FBA7}.Release|ARM.Build.0 = Release|ARM
		{94B4FA43-39D0-4E4D-912E-B5D83D91FBA7}.Release|ARM.Deploy.0 = Release|ARM
		{94B4FA43-39D0-4E4D-912E-B5D83D91FBA7}.Release|iPhone.ActiveCfg = Release|x86
		{94B4FA43-39D0-4E4D-912E-B5D83D91FBA7}.Release|iPhoneSimulator.ActiveCfg = Release|x86
		{94B4FA43-39D0-4E4D-912E-B5D83D91FBA7}.Release|x64.ActiveCfg = Release|x64
		{94B4FA43-39D0-4E4D-912E-B5D83D91FBA7}.Release|x64.Build.0 = Release|x64
		{94B4FA43-39D0-4E4D-912E-B5D83D91FBA7}.Release|x64.Deploy.0 = Release|x64
		{94B4FA43-39D0-4E4D-912E-B5D83D91FBA7}.Release|x86.ActiveCfg = Release|x86
		{94B4FA43-39D0-4E4D-912E-B5D83D91FBA7}.Release|x86.Build.0 = Release|x86
		{94B4FA43-39D0-4E4D-912E-B5D83D91FBA7}.Release|x86.Deploy.0 = Release|x86
		{5229E987-6A14-48F2-A09E-EB56F2FAF6A2}.Ad-Hoc|Any CPU.ActiveCfg = Ad-Hoc|iPhoneSimulator
		{5229E987-6A14-48F2-A09E-EB56F2FAF6A2}.Ad-Hoc|ARM.ActiveCfg = Ad-Hoc|iPhone
		{5229E987-6A14-48F2-A09E-EB56F2FAF6A2}.Ad-Hoc|iPhone.ActiveCfg = Ad-Hoc|iPhone
		{5229E987-6A14-48F2-A09E-EB56F2FAF6A2}.Ad-Hoc|iPhone.Build.0 = Ad-Hoc|iPhone
		{5229E987-6A14-48F2-A09E-EB56F2FAF6A2}.Ad-Hoc|iPhoneSimulator.ActiveCfg = Ad-Hoc|iPhoneSimulator
		{5229E987-6A14-48F2-A09E-EB56F2FAF6A2}.Ad-Hoc|iPhoneSimulator.Build.0 = Ad-Hoc|iPhoneSimulator
		{5229E987-6A14-48F2-A09E-EB56F2FAF6A2}.Ad-Hoc|x64.ActiveCfg = Ad-Hoc|iPhone
		{5229E987-6A14-48F2-A09E-EB56F2FAF6A2}.Ad-Hoc|x86.ActiveCfg = Ad-Hoc|iPhone
		{5229E987-6A14-48F2-A09E-EB56F2FAF6A2}.AppStore|Any CPU.ActiveCfg = AppStore|iPhoneSimulator
		{5229E987-6A14-48F2-A09E-EB56F2FAF6A2}.AppStore|ARM.ActiveCfg = AppStore|iPhone
		{5229E987-6A14-48F2-A09E-EB56F2FAF6A2}.AppStore|iPhone.ActiveCfg = AppStore|iPhone
		{5229E987-6A14-48F2-A09E-EB56F2FAF6A2}.AppStore|iPhone.Build.0 = AppStore|iPhone
		{5229E987-6A14-48F2-A09E-EB56F2FAF6A2}.AppStore|iPhoneSimulator.ActiveCfg = AppStore|iPhoneSimulator
		{5229E987-6A14-48F2-A09E-EB56F2FAF6A2}.AppStore|iPhoneSimulator.Build.0 = AppStore|iPhoneSimulator
		{5229E987-6A14-48F2-A09E-EB56F2FAF6A2}.AppStore|x64.ActiveCfg = AppStore|iPhone
		{5229E987-6A14-48F2-A09E-EB56F2FAF6A2}.AppStore|x86.ActiveCfg = AppStore|iPhone
		{5229E987-6A14-48F2-A09E-EB56F2FAF6A2}.Debug|Any CPU.ActiveCfg = Debug|iPhoneSimulator
		{5229E987-6A14-48F2-A09E-EB56F2FAF6A2}.Debug|ARM.ActiveCfg = Debug|iPhone
		{5229E987-6A14-48F2-A09E-EB56F2FAF6A2}.Debug|iPhone.ActiveCfg = Debug|iPhone
		{5229E987-6A14-48F2-A09E-EB56F2FAF6A2}.Debug|iPhone.Build.0 = Debug|iPhone
		{5229E987-6A14-48F2-A09E-EB56F2FAF6A2}.Debug|iPhoneSimulator.ActiveCfg = Debug|iPhoneSimulator
		{5229E987-6A14-48F2-A09E-EB56F2FAF6A2}.Debug|iPhoneSimulator.Build.0 = Debug|iPhoneSimulator
		{5229E987-6A14-48F2-A09E-EB56F2FAF6A2}.Debug|x64.ActiveCfg = Debug|iPhone
		{5229E987-6A14-48F2-A09E-EB56F2FAF6A2}.Debug|x86.ActiveCfg = Debug|iPhone
		{5229E987-6A14-48F2-A09E-EB56F2FAF6A2}.Release|Any CPU.ActiveCfg = Release|iPhone
		{5229E987-6A14-48F2-A09E-EB56F2FAF6A2}.Release|Any CPU.Build.0 = Release|iPhone
		{5229E987-6A14-48F2-A09E-EB56F2FAF6A2}.Release|ARM.ActiveCfg = Release|iPhone
		{5229E987-6A14-48F2-A09E-EB56F2FAF6A2}.Release|iPhone.ActiveCfg = Release|iPhone
		{5229E987-6A14-48F2-A09E-EB56F2FAF6A2}.Release|iPhone.Build.0 = Release|iPhone
		{5229E987-6A14-48F2-A09E-EB56F2FAF6A2}.Release|iPhoneSimulator.ActiveCfg = Release|iPhoneSimulator
		{5229E987-6A14-48F2-A09E-EB56F2FAF6A2}.Release|iPhoneSimulator.Build.0 = Release|iPhoneSimulator
		{5229E987-6A14-48F2-A09E-EB56F2FAF6A2}.Release|x64.ActiveCfg = Release|iPhone
		{5229E987-6A14-48F2-A09E-EB56F2FAF6A2}.Release|x86.ActiveCfg = Release|iPhone
	EndGlobalSection
	GlobalSection(SolutionProperties) = preSolution
		HideSolutionNode = FALSE
	EndGlobalSection
	GlobalSection(ExtensibilityGlobals) = postSolution
		SolutionGuid = {00FD5C32-A49F-40C9-B5DF-472384DA4E12}
	EndGlobalSection
EndGlobal
